{
  "lockfileVersion": 1,
  "workspaces": {
    "": {
      "devDependencies": {
        "@prettier/plugin-php": "^0.24.0",
        "prettier": "^3.6.2",
        "prettier-plugin-blade": "^2.1.21",
      },
    },
  },
  "packages": {
    "@prettier/plugin-php": ["@prettier/plugin-php@0.24.0", "", { "dependencies": { "linguist-languages": "^8.0.0", "php-parser": "^3.2.5" }, "peerDependencies": { "prettier": "^3.0.0" } }, "sha512-x9l65fCE/pgoET6RQowgdgG8Xmzs44z6j6Hhg3coINCyCw9JBGJ5ZzMR2XHAM2jmAdbJAIgqB6cUn4/3W3XLTA=="],

    "linguist-languages": ["linguist-languages@8.1.0", "", {}, "sha512-mg7zk9Lz89MJYvie41yUTmgeMwhN53gKQigNU1i+1JAGNqGRvF59RLhhkKCRYfZLt3rVgWcVSRrj0fxug5R98A=="],

    "php-parser": ["php-parser@3.2.5", "", {}, "sha512-M1ZYlALFFnESbSdmRtTQrBFUHSriHgPhgqtTF/LCbZM4h7swR5PHtUceB2Kzby5CfqcsYwBn7OXTJ0+8Sajwkw=="],

    "prettier": ["prettier@3.6.2", "", { "bin": { "prettier": "bin/prettier.cjs" } }, "sha512-I7AIg5boAr5R0FFtJ6rCfD+LFsWHp81dolrFD8S79U9tb8Az2nGrJncnMSnys+bpQJfRUzqs9hnA81OAA3hCuQ=="],

    "prettier-plugin-blade": ["prettier-plugin-blade@2.1.21", "", { "peerDependencies": { "prettier": ">=3" } }, "sha512-+BPBPvla/Ppr0MVrqMAO+FTwxpXUYo8zhQPIGC7psNuMbB24y84cGrJ4Uc02GHTQN0q8txeG4Y4MxyJWgOujyQ=="],
  }
}
